
Microsoft Visual Studio Solution File, Format Version 12.00
# Visual Studio Version 16
VisualStudioVersion = 16.0.31402.337
MinimumVisualStudioVersion = 10.0.40219.1
Project("{FAE04EC0-301F-11D3-BF4B-00C04F79EFBC}") = "ClaseDado", "ClaseDado\ClaseDado.csproj", "{36E4C208-B734-460D-9D45-498B33891EA9}"
EndProject
Global
	GlobalSection(SolutionConfigurationPlatforms) = preSolution
		Debug|Any CPU = Debug|Any CPU
		Release|Any CPU = Release|Any CPU
	EndGlobalSection
	GlobalSection(ProjectConfigurationPlatforms) = postSolution
		{36E4C208-B734-460D-9D45-498B33891EA9}.Debug|Any CPU.ActiveCfg = Debug|Any CPU
		{36E4C208-B734-460D-9D45-498B33891EA9}.Debug|Any CPU.Build.0 = Debug|Any CPU
		{36E4C208-B734-460D-9D45-498B33891EA9}.Release|Any CPU.ActiveCfg = Release|Any CPU
		{36E4C208-B734-460D-9D45-498B33891EA9}.Release|Any CPU.Build.0 = Release|Any CPU
	EndGlobalSection
	GlobalSection(SolutionProperties) = preSolution
		HideSolutionNode = FALSE
	EndGlobalSection
	GlobalSection(ExtensibilityGlobals) = postSolution
		SolutionGuid = {F0006D66-FF8D-4324-BC65-81AEFC38F893}
	EndGlobalSection
EndGlobal
