
Microsoft Visual Studio Solution File, Format Version 12.00
# Visual Studio Version 16
VisualStudioVersion = 16.0.31402.337
MinimumVisualStudioVersion = 10.0.40219.1
Project("{FAE04EC0-301F-11D3-BF4B-00C04F79EFBC}") = "Parametros - Moda", "Parametros - Moda\Parametros - Moda.csproj", "{40D01FB4-EBFB-4351-BEAF-83EE8796260A}"
EndProject
Global
	GlobalSection(SolutionConfigurationPlatforms) = preSolution
		Debug|Any CPU = Debug|Any CPU
		Release|Any CPU = Release|Any CPU
	EndGlobalSection
	GlobalSection(ProjectConfigurationPlatforms) = postSolution
		{40D01FB4-EBFB-4351-BEAF-83EE8796260A}.Debug|Any CPU.ActiveCfg = Debug|Any CPU
		{40D01FB4-EBFB-4351-BEAF-83EE8796260A}.Debug|Any CPU.Build.0 = Debug|Any CPU
		{40D01FB4-EBFB-4351-BEAF-83EE8796260A}.Release|Any CPU.ActiveCfg = Release|Any CPU
		{40D01FB4-EBFB-4351-BEAF-83EE8796260A}.Release|Any CPU.Build.0 = Release|Any CPU
	EndGlobalSection
	GlobalSection(SolutionProperties) = preSolution
		HideSolutionNode = FALSE
	EndGlobalSection
	GlobalSection(ExtensibilityGlobals) = postSolution
		SolutionGuid = {57F42E19-E3AE-4AD2-93DC-A71C757148CD}
	EndGlobalSection
EndGlobal
